github.com/1354092549/wsrpc v0.3.2 h1:6uaXV++oMm/J89LcnVAbtCTawX7W5y8K8cWqRiDp5SQ=
github.com/1354092549/wsrpc v0.3.2/go.mod h1:rWsn6JBtSbbM4h80KWkdvI2m2M57tLmhihqNEbv64Fg=
github.com/davecgh/go-spew v1.1.0 h1:ZDRjVQ15GmhC3fiQ8ni8+OwkZQO4DARzQgrnXU1Liz8=
github.com/davecgh/go-spew v1.1.0/go.mod h1:J7Y8YcW2NihsgmVo/mv3lAwl/skON4iLHjSsI+c5H38=
github.com/go-http-utils/etag v0.0.0-20161124023236-513ea8f21eb1 h1:zga7zaRE8HCbWjcXMDlfvmQtH0/kMVLo7cQ48dy6kWg=
github.com/go-http-utils/etag v0.0.0-20161124023236-513ea8f21eb1/go.mod h1:PumS+5d59wmAGsZo6IfRpVNaJUq+6xjC4Utt/k8GO6Q=
github.com/go-http-utils/fresh v0.0.0-20161124030543-7231e26a4b27 h1:O6yi4xa9b2DMosGsXzlMe2E9qXgXCVkRLCoRX+5amxI=
github.com/go-http-utils/fresh v0.0.0-20161124030543-7231e26a4b27/go.mod h1:AYvN8omj7nKLmbcXS2dyABYU6JB1Lz1bHmkkq1kf4I4=
github.com/go-http-utils/headers v0.0.0-20181008091004-fed159eddc2a h1:v6zMvHuY9yue4+QkG/HQ/W67wvtQmWJ4SDo9aK/GIno=
github.com/go-http-utils/headers v0.0.0-20181008091004-fed159eddc2a/go.mod h1:I79BieaU4fxrw4LMXby6q5OS9XnoR9UIKLOzDFjUmuw=
github.com/gorilla/mux v1.8.0 h1:i40aqfkR1h2SlN9hojwV5ZA91wcXFOvkdNIeFDP5koI=
github.com/gorilla/mux v1.8.0/go.mod h1:DVbg23sWSpFRCP0SfiEN6jmj59UnW/n46BH5rLB71So=
github.com/gorilla/websocket v1.4.2 h1:+/TMaTYc4QFitKJxsQ7Yye35DkWvkdLcvGKqM+x0Ufc=
github.com/gorilla/websocket v1.4.2/go.mod h1:YR8l580nyteQvAITg2hZ9XVh4b55+EU/adAjf1fMHhE=
github.com/nicksnyder/basen v1.0.0 h1:hCs3I1Qth9tZv8taqst7iYyEpMsXf4f9cjZT0mTADUk=
github.com/nicksnyder/basen v1.0.0/go.mod h1:IKOokMzzlenC6zabSIgjZHRp98CeBHUeVkOJLvofeJc=
github.com/pmezard/go-difflib v1.0.0 h1:4DBwDE0NGyQoBHbLQYPwSUPoCMWR5BEzIk/f1lZbAQM=
github.com/pmezard/go-difflib v1.0.0/go.mod h1:iKH77koFhYxTK1pcRnkKkqfTogsbg7gZNVY4sRDYZ/4=
github.com/stretchr/objx v0.1.0/go.mod h1:HFkY916IF+rwdDfMAkV7OtwuqBVzrE8GR6GFx+wExME=
github.com/stretchr/testify v1.6.1 h1:hDPOHmpOpP40lSULcqw7IrRb/u7w6RpDC9399XyoNd0=
github.com/stretchr/testify v1.6.1/go.mod h1:6Fq8oRcR53rry900zMqJjRRixrwX3KX962/h/Wwjteg=
github.com/wk8/go-ordered-map v0.2.0 h1:KlvGyHstD1kkGZkPtHCyCfRYS0cz84uk6rrW/Dnhdtk=
github.com/wk8/go-ordered-map v0.2.0/go.mod h1:9ZIbRunKbuvfPKyBP1SIKLcXNlv74YCOZ3t3VTS6gRk=
gopkg.in/check.v1 v0.0.0-20161208181325-20d25e280405 h1:yhCVgyC4o1eVCa2tZl7eS0r+SDo693bJlVdllGtEeKM=
gopkg.in/check.v1 v0.0.0-20161208181325-20d25e280405/go.mod h1:Co6ibVJAznAaIkqp8huTwlJQCZ016jof/cbN4VW5Yz0=
gopkg.in/yaml.v2 v2.4.0 h1:D8xgwECY7CYvx+Y2n4sBz93Jn9JRvxdiyyo8CTfuKaY=
gopkg.in/yaml.v2 v2.4.0/go.mod h1:RDklbk79AGWmwhnvt/jBztapEOGDOx6ZbXqjP6csGnQ=
gopkg.in/yaml.v3 v3.0.0-20200313102051-9f266ea9e77c h1:dUUwHk2QECo/6vqA44rthZ8ie2QXMNeKRTHCNY2nXvo=
gopkg.in/yaml.v3 v3.0.0-20200313102051-9f266ea9e77c/go.mod h1:K4uyk7z7BCEPqu6E+C64Yfv1cQ7kz7rIZviUmN+EgEM=
